{
  "name": "SEMINARIO",
  "lockfileVersion": 3,
  "requires": true,
  "packages": {
    "": {
      "dependencies": {
        "luxon": "^3.4.4"
      }
    },
    "node_modules/luxon": {
      "version": "3.4.4",
      "resolved": "https://artifactory.globaldevtools.bbva.com/artifactory/api/npm/gl-bbva-npm-virtual/luxon/-/luxon-3.4.4.tgz",
      "integrity": "sha512-zobTr7akeGHnv7eBOXcRgMeCP6+uyYsczwmeRCauvpvaAltgNyTbLH/+VaEAPUeWBT+1GuNmz4wC/6jtQzbbVA==",
      "engines": {
        "node": ">=12"
      }
    }
  }
}
